// !$*UTF8*$!
{
	archiveVersion = 1;
	classes = {
	};
	objectVersion = 45;
	objects = {

/* Begin PBXBuildFile section */
		8122F1220F55F78100FA51CD /* EstEIDCMPlugIn.m in Sources */ = {isa = PBXBuildFile; fileRef = 8122F1200F55F78100FA51CD /* EstEIDCMPlugIn.m */; };
		8122F1230F55F78100FA51CD /* main.m in Sources */ = {isa = PBXBuildFile; fileRef = 8122F1210F55F78100FA51CD /* main.m */; };
		8122F1280F55F79000FA51CD /* Localizable.strings in Resources */ = {isa = PBXBuildFile; fileRef = 8122F1240F55F79000FA51CD /* Localizable.strings */; };
		8122F1290F55F79000FA51CD /* InfoPlist.strings in Resources */ = {isa = PBXBuildFile; fileRef = 8122F1260F55F79000FA51CD /* InfoPlist.strings */; };
		8122F17D0F55F95000FA51CD /* Carbon.framework in Frameworks */ = {isa = PBXBuildFile; fileRef = 8122F17C0F55F95000FA51CD /* Carbon.framework */; };
		81F874C00F560A7100FCAB5D /* EstEIDWebPlugIn.m in Sources */ = {isa = PBXBuildFile; fileRef = 81F874BF0F560A7100FCAB5D /* EstEIDWebPlugIn.m */; };
		81F874C20F560ABF00FCAB5D /* WebKit.framework in Frameworks */ = {isa = PBXBuildFile; fileRef = 81F874C10F560ABF00FCAB5D /* WebKit.framework */; };
		81F875B30F560EC900FCAB5D /* EstEIDPreferencePane.m in Sources */ = {isa = PBXBuildFile; fileRef = 81F875B10F560EC900FCAB5D /* EstEIDPreferencePane.m */; };
		81F875B70F560F5900FCAB5D /* PreferencePanes.framework in Frameworks */ = {isa = PBXBuildFile; fileRef = 8122F0FF0F55F44F00FA51CD /* PreferencePanes.framework */; };
		81F875CA0F560F7F00FCAB5D /* Icon.png in Resources */ = {isa = PBXBuildFile; fileRef = 81F875C90F560F7F00FCAB5D /* Icon.png */; };
		81F875E30F56100400FCAB5D /* InfoPlist.strings in Resources */ = {isa = PBXBuildFile; fileRef = 81F875DD0F56100400FCAB5D /* InfoPlist.strings */; };
		81F875E40F56100400FCAB5D /* PreferencePane.nib in Resources */ = {isa = PBXBuildFile; fileRef = 81F875DF0F56100400FCAB5D /* PreferencePane.nib */; };
		81F875E50F56100400FCAB5D /* Localizable.strings in Resources */ = {isa = PBXBuildFile; fileRef = 81F875E10F56100400FCAB5D /* Localizable.strings */; };
/* End PBXBuildFile section */

/* Begin PBXFileReference section */
		8122F07A0F55F42800FA51CD /* AppKit.framework */ = {isa = PBXFileReference; lastKnownFileType = wrapper.framework; name = AppKit.framework; path = /System/Library/Frameworks/AppKit.framework; sourceTree = "<absolute>"; };
		8122F07E0F55F43600FA51CD /* Foundation.framework */ = {isa = PBXFileReference; lastKnownFileType = wrapper.framework; name = Foundation.framework; path = /System/Library/Frameworks/Foundation.framework; sourceTree = "<absolute>"; };
		8122F0FF0F55F44F00FA51CD /* PreferencePanes.framework */ = {isa = PBXFileReference; lastKnownFileType = wrapper.framework; name = PreferencePanes.framework; path = /System/Library/Frameworks/PreferencePanes.framework; sourceTree = "<absolute>"; };
		8122F1090F55F62700FA51CD /* Prefix.pch */ = {isa = PBXFileReference; fileEncoding = 4; lastKnownFileType = sourcecode.c.h; path = Prefix.pch; sourceTree = "<group>"; };
		8122F1120F55F75500FA51CD /* EstEID.plugin */ = {isa = PBXFileReference; explicitFileType = wrapper.cfbundle; includeInIndex = 0; path = EstEID.plugin; sourceTree = BUILT_PRODUCTS_DIR; };
		8122F1190F55F77100FA51CD /* Info.plist */ = {isa = PBXFileReference; fileEncoding = 4; lastKnownFileType = text.plist.xml; name = Info.plist; path = CMPlugIn/Info.plist; sourceTree = "<group>"; };
		8122F11F0F55F78100FA51CD /* EstEIDCMPlugIn.h */ = {isa = PBXFileReference; fileEncoding = 4; lastKnownFileType = sourcecode.c.h; name = EstEIDCMPlugIn.h; path = CMPlugIn/Sources/EstEIDCMPlugIn.h; sourceTree = "<group>"; };
		8122F1200F55F78100FA51CD /* EstEIDCMPlugIn.m */ = {isa = PBXFileReference; fileEncoding = 4; lastKnownFileType = sourcecode.c.objc; name = EstEIDCMPlugIn.m; path = CMPlugIn/Sources/EstEIDCMPlugIn.m; sourceTree = "<group>"; };
		8122F1210F55F78100FA51CD /* main.m */ = {isa = PBXFileReference; fileEncoding = 4; lastKnownFileType = sourcecode.c.objc; name = main.m; path = CMPlugIn/Sources/main.m; sourceTree = "<group>"; };
		8122F1250F55F79000FA51CD /* en */ = {isa = PBXFileReference; fileEncoding = 4; lastKnownFileType = text.plist.strings; name = en; path = CMPlugIn/en.lproj/Localizable.strings; sourceTree = "<group>"; };
		8122F1270F55F79000FA51CD /* en */ = {isa = PBXFileReference; fileEncoding = 4; lastKnownFileType = text.plist.strings; name = en; path = CMPlugIn/en.lproj/InfoPlist.strings; sourceTree = "<group>"; };
		8122F12A0F55F79800FA51CD /* et */ = {isa = PBXFileReference; lastKnownFileType = text.plist.strings; name = et; path = CMPlugIn/et.lproj/InfoPlist.strings; sourceTree = "<group>"; };
		8122F12B0F55F79800FA51CD /* et */ = {isa = PBXFileReference; lastKnownFileType = text.plist.strings; name = et; path = CMPlugIn/et.lproj/Localizable.strings; sourceTree = "<group>"; };
		8122F12D0F55F7A200FA51CD /* ru */ = {isa = PBXFileReference; lastKnownFileType = text.plist.strings; name = ru; path = CMPlugIn/ru.lproj/Localizable.strings; sourceTree = "<group>"; };
		8122F12E0F55F7A200FA51CD /* ru */ = {isa = PBXFileReference; lastKnownFileType = text.plist.strings; name = ru; path = CMPlugIn/ru.lproj/InfoPlist.strings; sourceTree = "<group>"; };
		8122F17C0F55F95000FA51CD /* Carbon.framework */ = {isa = PBXFileReference; lastKnownFileType = wrapper.framework; name = Carbon.framework; path = /System/Library/Frameworks/Carbon.framework; sourceTree = "<absolute>"; };
		81F8748D0F56085100FCAB5D /* WebPlugIn.webplugin */ = {isa = PBXFileReference; explicitFileType = wrapper.cfbundle; includeInIndex = 0; path = WebPlugIn.webplugin; sourceTree = BUILT_PRODUCTS_DIR; };
		81F874BC0F560A5500FCAB5D /* Info.plist */ = {isa = PBXFileReference; fileEncoding = 4; lastKnownFileType = text.plist.xml; name = Info.plist; path = WebPlugIn/Info.plist; sourceTree = "<group>"; };
		81F874BE0F560A7100FCAB5D /* EstEIDWebPlugIn.h */ = {isa = PBXFileReference; fileEncoding = 4; lastKnownFileType = sourcecode.c.h; name = EstEIDWebPlugIn.h; path = WebPlugIn/Sources/EstEIDWebPlugIn.h; sourceTree = "<group>"; };
		81F874BF0F560A7100FCAB5D /* EstEIDWebPlugIn.m */ = {isa = PBXFileReference; fileEncoding = 4; lastKnownFileType = sourcecode.c.objc; name = EstEIDWebPlugIn.m; path = WebPlugIn/Sources/EstEIDWebPlugIn.m; sourceTree = "<group>"; };
		81F874C10F560ABF00FCAB5D /* WebKit.framework */ = {isa = PBXFileReference; lastKnownFileType = wrapper.framework; name = WebKit.framework; path = /System/Library/Frameworks/WebKit.framework; sourceTree = "<absolute>"; };
		81F875820F560BE000FCAB5D /* 1.html */ = {isa = PBXFileReference; fileEncoding = 4; lastKnownFileType = text.html; name = 1.html; path = WebPlugIn/Tests/1.html; sourceTree = "<group>"; };
		81F8759A0F560E9A00FCAB5D /* EstEID.prefPane */ = {isa = PBXFileReference; explicitFileType = wrapper.cfbundle; includeInIndex = 0; path = EstEID.prefPane; sourceTree = BUILT_PRODUCTS_DIR; };
		81F875B10F560EC900FCAB5D /* EstEIDPreferencePane.m */ = {isa = PBXFileReference; fileEncoding = 4; lastKnownFileType = sourcecode.c.objc; name = EstEIDPreferencePane.m; path = PreferencePane/Sources/EstEIDPreferencePane.m; sourceTree = "<group>"; };
		81F875B20F560EC900FCAB5D /* EstEIDPreferencePane.h */ = {isa = PBXFileReference; fileEncoding = 4; lastKnownFileType = sourcecode.c.h; name = EstEIDPreferencePane.h; path = PreferencePane/Sources/EstEIDPreferencePane.h; sourceTree = "<group>"; };
		81F875C70F560F6C00FCAB5D /* Info.plist */ = {isa = PBXFileReference; fileEncoding = 4; lastKnownFileType = text.plist.xml; name = Info.plist; path = PreferencePane/Info.plist; sourceTree = "<group>"; };
		81F875C90F560F7F00FCAB5D /* Icon.png */ = {isa = PBXFileReference; lastKnownFileType = image.png; name = Icon.png; path = PreferencePane/Images/Icon.png; sourceTree = "<group>"; };
		81F875DE0F56100400FCAB5D /* en */ = {isa = PBXFileReference; fileEncoding = 4; lastKnownFileType = text.plist.strings; name = en; path = PreferencePane/en.lproj/InfoPlist.strings; sourceTree = "<group>"; };
		81F875E00F56100400FCAB5D /* en */ = {isa = PBXFileReference; lastKnownFileType = wrapper.nib; name = en; path = PreferencePane/en.lproj/PreferencePane.nib; sourceTree = "<group>"; };
		81F875E20F56100400FCAB5D /* en */ = {isa = PBXFileReference; fileEncoding = 4; lastKnownFileType = text.plist.strings; name = en; path = PreferencePane/en.lproj/Localizable.strings; sourceTree = "<group>"; };
		81F875E60F56100E00FCAB5D /* et */ = {isa = PBXFileReference; lastKnownFileType = text.plist.strings; name = et; path = PreferencePane/et.lproj/Localizable.strings; sourceTree = "<group>"; };
		81F875E70F56100E00FCAB5D /* et */ = {isa = PBXFileReference; lastKnownFileType = text.plist.strings; name = et; path = PreferencePane/et.lproj/InfoPlist.strings; sourceTree = "<group>"; };
		81F875E90F56101800FCAB5D /* ru */ = {isa = PBXFileReference; lastKnownFileType = text.plist.strings; name = ru; path = PreferencePane/ru.lproj/InfoPlist.strings; sourceTree = "<group>"; };
		81F875EA0F56101800FCAB5D /* ru */ = {isa = PBXFileReference; lastKnownFileType = text.plist.strings; name = ru; path = PreferencePane/ru.lproj/Localizable.strings; sourceTree = "<group>"; };
/* End PBXFileReference section */

/* Begin PBXFrameworksBuildPhase section */
		8122F1100F55F75500FA51CD /* Frameworks */ = {
			isa = PBXFrameworksBuildPhase;
			buildActionMask = 2147483647;
			files = (
				8122F17D0F55F95000FA51CD /* Carbon.framework in Frameworks */,
			);
			runOnlyForDeploymentPostprocessing = 0;
		};
		81F8748B0F56085100FCAB5D /* Frameworks */ = {
			isa = PBXFrameworksBuildPhase;
			buildActionMask = 2147483647;
			files = (
				81F874C20F560ABF00FCAB5D /* WebKit.framework in Frameworks */,
			);
			runOnlyForDeploymentPostprocessing = 0;
		};
		81F875980F560E9A00FCAB5D /* Frameworks */ = {
			isa = PBXFrameworksBuildPhase;
			buildActionMask = 2147483647;
			files = (
				81F875B70F560F5900FCAB5D /* PreferencePanes.framework in Frameworks */,
			);
			runOnlyForDeploymentPostprocessing = 0;
		};
/* End PBXFrameworksBuildPhase section */

/* Begin PBXGroup section */
		089C166AFE841209C02AAC07 /* Project */ = {
			isa = PBXGroup;
			children = (
				8122F0480F55F35400FA51CD /* CMPlugIn */,
				8122F1060F55F5C300FA51CD /* PreferencePane */,
				8122F0470F55F34E00FA51CD /* Updater */,
				8122F04A0F55F36A00FA51CD /* WebPlugIn */,
				8122F10A0F55F64000FA51CD /* Other */,
				089C1671FE841209C02AAC07 /* External Frameworks and Libraries */,
				19C28FB6FE9D52B211CA2CBB /* Products */,
			);
			name = Project;
			sourceTree = "<group>";
		};
		089C1671FE841209C02AAC07 /* External Frameworks and Libraries */ = {
			isa = PBXGroup;
			children = (
				8122F07A0F55F42800FA51CD /* AppKit.framework */,
				8122F17C0F55F95000FA51CD /* Carbon.framework */,
				8122F07E0F55F43600FA51CD /* Foundation.framework */,
				8122F0FF0F55F44F00FA51CD /* PreferencePanes.framework */,
				81F874C10F560ABF00FCAB5D /* WebKit.framework */,
			);
			name = "External Frameworks and Libraries";
			sourceTree = "<group>";
		};
		08FB77AFFE84173DC02AAC07 /* Sources */ = {
			isa = PBXGroup;
			children = (
				8122F11F0F55F78100FA51CD /* EstEIDCMPlugIn.h */,
				8122F1200F55F78100FA51CD /* EstEIDCMPlugIn.m */,
				8122F1210F55F78100FA51CD /* main.m */,
			);
			name = Sources;
			sourceTree = "<group>";
		};
		19C28FB6FE9D52B211CA2CBB /* Products */ = {
			isa = PBXGroup;
			children = (
				8122F1120F55F75500FA51CD /* EstEID.plugin */,
				81F8748D0F56085100FCAB5D /* WebPlugIn.webplugin */,
				81F8759A0F560E9A00FCAB5D /* EstEID.prefPane */,
			);
			name = Products;
			sourceTree = "<group>";
		};
		8122F0470F55F34E00FA51CD /* Updater */ = {
			isa = PBXGroup;
			children = (
				8122F1070F55F5D500FA51CD /* Sources */,
			);
			name = Updater;
			sourceTree = "<group>";
		};
		8122F0480F55F35400FA51CD /* CMPlugIn */ = {
			isa = PBXGroup;
			children = (
				08FB77AFFE84173DC02AAC07 /* Sources */,
				8122F1190F55F77100FA51CD /* Info.plist */,
				8122F1260F55F79000FA51CD /* InfoPlist.strings */,
				8122F1240F55F79000FA51CD /* Localizable.strings */,
			);
			name = CMPlugIn;
			sourceTree = "<group>";
		};
		8122F0490F55F35D00FA51CD /* Sources */ = {
			isa = PBXGroup;
			children = (
				81F875B20F560EC900FCAB5D /* EstEIDPreferencePane.h */,
				81F875B10F560EC900FCAB5D /* EstEIDPreferencePane.m */,
			);
			name = Sources;
			sourceTree = "<group>";
		};
		8122F04A0F55F36A00FA51CD /* WebPlugIn */ = {
			isa = PBXGroup;
			children = (
				81F874BC0F560A5500FCAB5D /* Info.plist */,
				8122F1080F55F5DC00FA51CD /* Sources */,
				81F875650F560BCC00FCAB5D /* Tests */,
			);
			name = WebPlugIn;
			sourceTree = "<group>";
		};
		8122F1060F55F5C300FA51CD /* PreferencePane */ = {
			isa = PBXGroup;
			children = (
				81F875A00F560EAC00FCAB5D /* Images */,
				8122F0490F55F35D00FA51CD /* Sources */,
				81F875C70F560F6C00FCAB5D /* Info.plist */,
				81F875DD0F56100400FCAB5D /* InfoPlist.strings */,
				81F875E10F56100400FCAB5D /* Localizable.strings */,
				81F875DF0F56100400FCAB5D /* PreferencePane.nib */,
			);
			name = PreferencePane;
			sourceTree = "<group>";
		};
		8122F1070F55F5D500FA51CD /* Sources */ = {
			isa = PBXGroup;
			children = (
			);
			name = Sources;
			sourceTree = "<group>";
		};
		8122F1080F55F5DC00FA51CD /* Sources */ = {
			isa = PBXGroup;
			children = (
				81F874BE0F560A7100FCAB5D /* EstEIDWebPlugIn.h */,
				81F874BF0F560A7100FCAB5D /* EstEIDWebPlugIn.m */,
			);
			name = Sources;
			sourceTree = "<group>";
		};
		8122F10A0F55F64000FA51CD /* Other */ = {
			isa = PBXGroup;
			children = (
				8122F1090F55F62700FA51CD /* Prefix.pch */,
			);
			name = Other;
			sourceTree = "<group>";
		};
		81F875650F560BCC00FCAB5D /* Tests */ = {
			isa = PBXGroup;
			children = (
				81F875820F560BE000FCAB5D /* 1.html */,
			);
			name = Tests;
			sourceTree = "<group>";
		};
		81F875A00F560EAC00FCAB5D /* Images */ = {
			isa = PBXGroup;
			children = (
				81F875C90F560F7F00FCAB5D /* Icon.png */,
			);
			name = Images;
			sourceTree = "<group>";
		};
/* End PBXGroup section */

/* Begin PBXNativeTarget section */
		8122F1110F55F75500FA51CD /* CMPlugIn */ = {
			isa = PBXNativeTarget;
			buildConfigurationList = 8122F1160F55F75700FA51CD /* Build configuration list for PBXNativeTarget "CMPlugIn" */;
			buildPhases = (
				8122F10E0F55F75500FA51CD /* Resources */,
				8122F10F0F55F75500FA51CD /* Sources */,
				8122F1100F55F75500FA51CD /* Frameworks */,
			);
			buildRules = (
			);
			dependencies = (
			);
			name = CMPlugIn;
			productName = CMPlugIn;
			productReference = 8122F1120F55F75500FA51CD /* EstEID.plugin */;
			productType = "com.apple.product-type.bundle";
		};
		81F8748C0F56085100FCAB5D /* WebPlugIn */ = {
			isa = PBXNativeTarget;
			buildConfigurationList = 81F874910F56085200FCAB5D /* Build configuration list for PBXNativeTarget "WebPlugIn" */;
			buildPhases = (
				81F874890F56085100FCAB5D /* Resources */,
				81F8748A0F56085100FCAB5D /* Sources */,
				81F8748B0F56085100FCAB5D /* Frameworks */,
			);
			buildRules = (
			);
			dependencies = (
			);
			name = WebPlugIn;
			productName = WebPlugIn;
			productReference = 81F8748D0F56085100FCAB5D /* WebPlugIn.webplugin */;
			productType = "com.apple.product-type.bundle";
		};
		81F875990F560E9A00FCAB5D /* PreferencePane */ = {
			isa = PBXNativeTarget;
			buildConfigurationList = 81F8759F0F560E9C00FCAB5D /* Build configuration list for PBXNativeTarget "PreferencePane" */;
			buildPhases = (
				81F875960F560E9A00FCAB5D /* Resources */,
				81F875970F560E9A00FCAB5D /* Sources */,
				81F875980F560E9A00FCAB5D /* Frameworks */,
			);
			buildRules = (
			);
			dependencies = (
			);
			name = PreferencePane;
			productName = PreferencePane;
			productReference = 81F8759A0F560E9A00FCAB5D /* EstEID.prefPane */;
			productType = "com.apple.product-type.bundle";
		};
/* End PBXNativeTarget section */

/* Begin PBXProject section */
		089C1669FE841209C02AAC07 /* Project object */ = {
			isa = PBXProject;
			buildConfigurationList = 1DEB911E08733D790010E9CD /* Build configuration list for PBXProject "Project" */;
			compatibilityVersion = "Xcode 3.1";
			hasScannedForEncodings = 1;
			knownRegions = (
				English,
				Japanese,
				French,
				German,
				en,
				et,
				ru,
			);
			mainGroup = 089C166AFE841209C02AAC07 /* Project */;
			projectDirPath = "";
			projectRoot = "";
			targets = (
				8122F1110F55F75500FA51CD /* CMPlugIn */,
				81F875990F560E9A00FCAB5D /* PreferencePane */,
				81F8748C0F56085100FCAB5D /* WebPlugIn */,
			);
		};
/* End PBXProject section */

/* Begin PBXResourcesBuildPhase section */
		8122F10E0F55F75500FA51CD /* Resources */ = {
			isa = PBXResourcesBuildPhase;
			buildActionMask = 2147483647;
			files = (
				8122F1280F55F79000FA51CD /* Localizable.strings in Resources */,
				8122F1290F55F79000FA51CD /* InfoPlist.strings in Resources */,
			);
			runOnlyForDeploymentPostprocessing = 0;
		};
		81F874890F56085100FCAB5D /* Resources */ = {
			isa = PBXResourcesBuildPhase;
			buildActionMask = 2147483647;
			files = (
			);
			runOnlyForDeploymentPostprocessing = 0;
		};
		81F875960F560E9A00FCAB5D /* Resources */ = {
			isa = PBXResourcesBuildPhase;
			buildActionMask = 2147483647;
			files = (
				81F875CA0F560F7F00FCAB5D /* Icon.png in Resources */,
				81F875E30F56100400FCAB5D /* InfoPlist.strings in Resources */,
				81F875E40F56100400FCAB5D /* PreferencePane.nib in Resources */,
				81F875E50F56100400FCAB5D /* Localizable.strings in Resources */,
			);
			runOnlyForDeploymentPostprocessing = 0;
		};
/* End PBXResourcesBuildPhase section */

/* Begin PBXSourcesBuildPhase section */
		8122F10F0F55F75500FA51CD /* Sources */ = {
			isa = PBXSourcesBuildPhase;
			buildActionMask = 2147483647;
			files = (
				8122F1220F55F78100FA51CD /* EstEIDCMPlugIn.m in Sources */,
				8122F1230F55F78100FA51CD /* main.m in Sources */,
			);
			runOnlyForDeploymentPostprocessing = 0;
		};
		81F8748A0F56085100FCAB5D /* Sources */ = {
			isa = PBXSourcesBuildPhase;
			buildActionMask = 2147483647;
			files = (
				81F874C00F560A7100FCAB5D /* EstEIDWebPlugIn.m in Sources */,
			);
			runOnlyForDeploymentPostprocessing = 0;
		};
		81F875970F560E9A00FCAB5D /* Sources */ = {
			isa = PBXSourcesBuildPhase;
			buildActionMask = 2147483647;
			files = (
				81F875B30F560EC900FCAB5D /* EstEIDPreferencePane.m in Sources */,
			);
			runOnlyForDeploymentPostprocessing = 0;
		};
/* End PBXSourcesBuildPhase section */

/* Begin PBXVariantGroup section */
		8122F1240F55F79000FA51CD /* Localizable.strings */ = {
			isa = PBXVariantGroup;
			children = (
				8122F1250F55F79000FA51CD /* en */,
				8122F12B0F55F79800FA51CD /* et */,
				8122F12D0F55F7A200FA51CD /* ru */,
			);
			name = Localizable.strings;
			sourceTree = "<group>";
		};
		8122F1260F55F79000FA51CD /* InfoPlist.strings */ = {
			isa = PBXVariantGroup;
			children = (
				8122F1270F55F79000FA51CD /* en */,
				8122F12A0F55F79800FA51CD /* et */,
				8122F12E0F55F7A200FA51CD /* ru */,
			);
			name = InfoPlist.strings;
			sourceTree = "<group>";
		};
		81F875DD0F56100400FCAB5D /* InfoPlist.strings */ = {
			isa = PBXVariantGroup;
			children = (
				81F875DE0F56100400FCAB5D /* en */,
				81F875E70F56100E00FCAB5D /* et */,
				81F875E90F56101800FCAB5D /* ru */,
			);
			name = InfoPlist.strings;
			sourceTree = "<group>";
		};
		81F875DF0F56100400FCAB5D /* PreferencePane.nib */ = {
			isa = PBXVariantGroup;
			children = (
				81F875E00F56100400FCAB5D /* en */,
			);
			name = PreferencePane.nib;
			sourceTree = "<group>";
		};
		81F875E10F56100400FCAB5D /* Localizable.strings */ = {
			isa = PBXVariantGroup;
			children = (
				81F875E20F56100400FCAB5D /* en */,
				81F875E60F56100E00FCAB5D /* et */,
				81F875EA0F56101800FCAB5D /* ru */,
			);
			name = Localizable.strings;
			sourceTree = "<group>";
		};
/* End PBXVariantGroup section */

/* Begin XCBuildConfiguration section */
		1DEB911F08733D790010E9CD /* Debug */ = {
			isa = XCBuildConfiguration;
			buildSettings = {
				ARCHS = "$(ARCHS_STANDARD_32_BIT)";
				GCC_C_LANGUAGE_STANDARD = c99;
				GCC_OPTIMIZATION_LEVEL = 0;
				GCC_WARN_ABOUT_RETURN_TYPE = YES;
				GCC_WARN_UNUSED_VARIABLE = YES;
				ONLY_ACTIVE_ARCH = YES;
				PREBINDING = NO;
				SDKROOT = macosx10.5;
			};
			name = Debug;
		};
		1DEB912008733D790010E9CD /* Release */ = {
			isa = XCBuildConfiguration;
			buildSettings = {
				ARCHS = "$(ARCHS_STANDARD_32_BIT)";
				GCC_C_LANGUAGE_STANDARD = c99;
				GCC_WARN_ABOUT_RETURN_TYPE = YES;
				GCC_WARN_UNUSED_VARIABLE = YES;
				PREBINDING = NO;
				SDKROOT = macosx10.5;
			};
			name = Release;
		};
		8122F1140F55F75700FA51CD /* Debug */ = {
			isa = XCBuildConfiguration;
			buildSettings = {
				ALWAYS_SEARCH_USER_PATHS = NO;
				ARCHS = "$(ARCHS_STANDARD_32_BIT)";
				COPY_PHASE_STRIP = NO;
				GCC_DYNAMIC_NO_PIC = NO;
				GCC_ENABLE_FIX_AND_CONTINUE = YES;
				GCC_MODEL_TUNING = G5;
				GCC_OPTIMIZATION_LEVEL = 0;
				GCC_PRECOMPILE_PREFIX_HEADER = YES;
				GCC_PREFIX_HEADER = Prefix.pch;
				INFOPLIST_FILE = CMPlugIn/Info.plist;
				INSTALL_PATH = "/Library/Contextual Menu Items";
				ONLY_ACTIVE_ARCH = NO;
				OTHER_LDFLAGS = (
					"-framework",
					Foundation,
					"-framework",
					AppKit,
					"-framework",
					Carbon,
				);
				PREBINDING = NO;
				PRODUCT_NAME = EstEID;
				SDKROOT = macosx10.4;
				WRAPPER_EXTENSION = plugin;
			};
			name = Debug;
		};
		8122F1150F55F75700FA51CD /* Release */ = {
			isa = XCBuildConfiguration;
			buildSettings = {
				ALWAYS_SEARCH_USER_PATHS = NO;
				ARCHS = "$(ARCHS_STANDARD_32_BIT)";
				COPY_PHASE_STRIP = YES;
				DEBUG_INFORMATION_FORMAT = "dwarf-with-dsym";
				GCC_ENABLE_FIX_AND_CONTINUE = NO;
				GCC_MODEL_TUNING = G5;
				GCC_PRECOMPILE_PREFIX_HEADER = YES;
				GCC_PREFIX_HEADER = Prefix.pch;
				INFOPLIST_FILE = CMPlugIn/Info.plist;
				INSTALL_PATH = "/Library/Contextual Menu Items";
				ONLY_ACTIVE_ARCH = NO;
				OTHER_LDFLAGS = (
					"-framework",
					Foundation,
					"-framework",
					AppKit,
					"-framework",
					Carbon,
				);
				PREBINDING = NO;
				PRODUCT_NAME = EstEID;
				SDKROOT = macosx10.4;
				WRAPPER_EXTENSION = plugin;
				ZERO_LINK = NO;
			};
			name = Release;
		};
		81F8748F0F56085200FCAB5D /* Debug */ = {
			isa = XCBuildConfiguration;
			buildSettings = {
				ALWAYS_SEARCH_USER_PATHS = NO;
				ARCHS = "$(ARCHS_STANDARD_32_BIT)";
				COPY_PHASE_STRIP = NO;
				GCC_DYNAMIC_NO_PIC = NO;
				GCC_ENABLE_FIX_AND_CONTINUE = YES;
				GCC_MODEL_TUNING = G5;
				GCC_OPTIMIZATION_LEVEL = 0;
				GCC_PRECOMPILE_PREFIX_HEADER = YES;
				GCC_PREFIX_HEADER = Prefix.pch;
				INFOPLIST_FILE = WebPlugIn/Info.plist;
				INSTALL_PATH = "/Library/Internet Plug-ins";
				OTHER_LDFLAGS = (
					"-framework",
					Foundation,
					"-framework",
					AppKit,
				);
				PREBINDING = NO;
				PRODUCT_NAME = WebPlugIn;
				SDKROOT = macosx10.4;
				WRAPPER_EXTENSION = webplugin;
			};
			name = Debug;
		};
		81F874900F56085200FCAB5D /* Release */ = {
			isa = XCBuildConfiguration;
			buildSettings = {
				ALWAYS_SEARCH_USER_PATHS = NO;
				ARCHS = "$(ARCHS_STANDARD_32_BIT)";
				COPY_PHASE_STRIP = YES;
				DEBUG_INFORMATION_FORMAT = "dwarf-with-dsym";
				GCC_ENABLE_FIX_AND_CONTINUE = NO;
				GCC_MODEL_TUNING = G5;
				GCC_PRECOMPILE_PREFIX_HEADER = YES;
				GCC_PREFIX_HEADER = Prefix.pch;
				INFOPLIST_FILE = WebPlugIn/Info.plist;
				INSTALL_PATH = "/Library/Internet Plug-ins";
				OTHER_LDFLAGS = (
					"-framework",
					Foundation,
					"-framework",
					AppKit,
				);
				PREBINDING = NO;
				PRODUCT_NAME = WebPlugIn;
				SDKROOT = macosx10.4;
				WRAPPER_EXTENSION = webplugin;
				ZERO_LINK = NO;
			};
			name = Release;
		};
		81F8759D0F560E9B00FCAB5D /* Debug */ = {
			isa = XCBuildConfiguration;
			buildSettings = {
				ALWAYS_SEARCH_USER_PATHS = NO;
				COPY_PHASE_STRIP = NO;
				GCC_DYNAMIC_NO_PIC = NO;
				GCC_ENABLE_FIX_AND_CONTINUE = YES;
				GCC_MODEL_TUNING = G5;
				GCC_OPTIMIZATION_LEVEL = 0;
				GCC_PRECOMPILE_PREFIX_HEADER = YES;
				GCC_PREFIX_HEADER = Prefix.pch;
				INFOPLIST_FILE = PreferencePane/Info.plist;
				INSTALL_PATH = /Library/PreferencePanes;
				OTHER_LDFLAGS = (
					"-framework",
					Foundation,
					"-framework",
					AppKit,
				);
				PREBINDING = NO;
				PRODUCT_NAME = EstEID;
				SDKROOT = macosx10.4;
				WRAPPER_EXTENSION = prefPane;
			};
			name = Debug;
		};
		81F8759E0F560E9B00FCAB5D /* Release */ = {
			isa = XCBuildConfiguration;
			buildSettings = {
				ALWAYS_SEARCH_USER_PATHS = NO;
				COPY_PHASE_STRIP = YES;
				DEBUG_INFORMATION_FORMAT = "dwarf-with-dsym";
				GCC_ENABLE_FIX_AND_CONTINUE = NO;
				GCC_MODEL_TUNING = G5;
				GCC_PRECOMPILE_PREFIX_HEADER = YES;
				GCC_PREFIX_HEADER = Prefix.pch;
				INFOPLIST_FILE = PreferencePane/Info.plist;
				INSTALL_PATH = /Library/PreferencePanes;
				OTHER_LDFLAGS = (
					"-framework",
					Foundation,
					"-framework",
					AppKit,
				);
				PREBINDING = NO;
				PRODUCT_NAME = EstEID;
				SDKROOT = macosx10.4;
				WRAPPER_EXTENSION = prefPane;
				ZERO_LINK = NO;
			};
			name = Release;
		};
/* End XCBuildConfiguration section */

/* Begin XCConfigurationList section */
		1DEB911E08733D790010E9CD /* Build configuration list for PBXProject "Project" */ = {
			isa = XCConfigurationList;
			buildConfigurations = (
				1DEB911F08733D790010E9CD /* Debug */,
				1DEB912008733D790010E9CD /* Release */,
			);
			defaultConfigurationIsVisible = 0;
			defaultConfigurationName = Release;
		};
		8122F1160F55F75700FA51CD /* Build configuration list for PBXNativeTarget "CMPlugIn" */ = {
			isa = XCConfigurationList;
			buildConfigurations = (
				8122F1140F55F75700FA51CD /* Debug */,
				8122F1150F55F75700FA51CD /* Release */,
			);
			defaultConfigurationIsVisible = 0;
			defaultConfigurationName = Release;
		};
		81F874910F56085200FCAB5D /* Build configuration list for PBXNativeTarget "WebPlugIn" */ = {
			isa = XCConfigurationList;
			buildConfigurations = (
				81F8748F0F56085200FCAB5D /* Debug */,
				81F874900F56085200FCAB5D /* Release */,
			);
			defaultConfigurationIsVisible = 0;
			defaultConfigurationName = Release;
		};
		81F8759F0F560E9C00FCAB5D /* Build configuration list for PBXNativeTarget "PreferencePane" */ = {
			isa = XCConfigurationList;
			buildConfigurations = (
				81F8759D0F560E9B00FCAB5D /* Debug */,
				81F8759E0F560E9B00FCAB5D /* Release */,
			);
			defaultConfigurationIsVisible = 0;
			defaultConfigurationName = Release;
		};
/* End XCConfigurationList section */
	};
	rootObject = 089C1669FE841209C02AAC07 /* Project object */;
}
