
Microsoft Visual Studio Solution File, Format Version 9.00
# Visual C++ Express 2005
Project("{8BC9CEB8-8B4A-11D0-8D11-00A0C91BC942}") = "esteidcm", "esteidcm.vcproj", "{B3D1E198-9EE1-49BD-941F-185EAD35D611}"
EndProject
Project("{8BC9CEB8-8B4A-11D0-8D11-00A0C91BC942}") = "testac", "..\testac\testac.vcproj", "{5D3EC775-7DD3-4ADB-B43E-C87414E0E699}"
EndProject
Global
	GlobalSection(SolutionConfigurationPlatforms) = preSolution
		Debug|Win32 = Debug|Win32
		Release|Win32 = Release|Win32
	EndGlobalSection
	GlobalSection(ProjectConfigurationPlatforms) = postSolution
		{B3D1E198-9EE1-49BD-941F-185EAD35D611}.Debug|Win32.ActiveCfg = Debug|Win32
		{B3D1E198-9EE1-49BD-941F-185EAD35D611}.Debug|Win32.Build.0 = Debug|Win32
		{B3D1E198-9EE1-49BD-941F-185EAD35D611}.Release|Win32.ActiveCfg = Release|Win32
		{B3D1E198-9EE1-49BD-941F-185EAD35D611}.Release|Win32.Build.0 = Release|Win32
		{5D3EC775-7DD3-4ADB-B43E-C87414E0E699}.Debug|Win32.ActiveCfg = Debug|Win32
		{5D3EC775-7DD3-4ADB-B43E-C87414E0E699}.Debug|Win32.Build.0 = Debug|Win32
		{5D3EC775-7DD3-4ADB-B43E-C87414E0E699}.Release|Win32.ActiveCfg = Release|Win32
		{5D3EC775-7DD3-4ADB-B43E-C87414E0E699}.Release|Win32.Build.0 = Release|Win32
	EndGlobalSection
	GlobalSection(SolutionProperties) = preSolution
		HideSolutionNode = FALSE
	EndGlobalSection
EndGlobal
