
Microsoft Visual Studio Solution File, Format Version 9.00
# Visual Studio 2005
Project("{8BC9CEB8-8B4A-11D0-8D11-00A0C91BC942}") = "bdoclib_w32", "bdoclib_w32.vcproj", "{AF7CD582-0241-4C86-860F-B332792D612F}"
	ProjectSection(WebsiteProperties) = preProject
		Debug.AspNetCompiler.Debug = "True"
		Release.AspNetCompiler.Debug = "False"
	EndProjectSection
	ProjectSection(ProjectDependencies) = postProject
		{68F20ECD-95C7-464E-A4AE-48D96CCC5F10} = {68F20ECD-95C7-464E-A4AE-48D96CCC5F10}
		{8E61BE41-4FC1-40EC-A452-A878168503E1} = {8E61BE41-4FC1-40EC-A452-A878168503E1}
	EndProjectSection
EndProject
Project("{8BC9CEB8-8B4A-11D0-8D11-00A0C91BC942}") = "maindemo", "maindemo.vcproj", "{4F7D1EE9-AC21-494B-961C-C8382A6F8DFA}"
	ProjectSection(WebsiteProperties) = preProject
		Debug.AspNetCompiler.Debug = "True"
		Release.AspNetCompiler.Debug = "False"
	EndProjectSection
	ProjectSection(ProjectDependencies) = postProject
		{AF7CD582-0241-4C86-860F-B332792D612F} = {AF7CD582-0241-4C86-860F-B332792D612F}
	EndProjectSection
EndProject
Project("{8BC9CEB8-8B4A-11D0-8D11-00A0C91BC942}") = "minizip_library", "minizip_library.vcproj", "{8E61BE41-4FC1-40EC-A452-A878168503E1}"
	ProjectSection(WebsiteProperties) = preProject
		Debug.AspNetCompiler.Debug = "True"
		Release.AspNetCompiler.Debug = "False"
	EndProjectSection
EndProject
Project("{8BC9CEB8-8B4A-11D0-8D11-00A0C91BC942}") = "libp11", "libp11.vcproj", "{68F20ECD-95C7-464E-A4AE-48D96CCC5F10}"
	ProjectSection(WebsiteProperties) = preProject
		Debug.AspNetCompiler.Debug = "True"
		Release.AspNetCompiler.Debug = "False"
	EndProjectSection
EndProject
Project("{8BC9CEB8-8B4A-11D0-8D11-00A0C91BC942}") = "bdocref", "bdocref.vcproj", "{244CB2D2-DC15-47EF-89D0-94C3B203CBD1}"
	ProjectSection(WebsiteProperties) = preProject
		Debug.AspNetCompiler.Debug = "True"
		Release.AspNetCompiler.Debug = "False"
	EndProjectSection
	ProjectSection(ProjectDependencies) = postProject
		{AF7CD582-0241-4C86-860F-B332792D612F} = {AF7CD582-0241-4C86-860F-B332792D612F}
	EndProjectSection
EndProject
Project("{8BC9CEB8-8B4A-11D0-8D11-00A0C91BC942}") = "unittests", "unittests.vcproj", "{323D84CA-1548-4E9B-9111-5BB7884056AA}"
	ProjectSection(WebsiteProperties) = preProject
		Debug.AspNetCompiler.Debug = "True"
		Release.AspNetCompiler.Debug = "False"
	EndProjectSection
	ProjectSection(ProjectDependencies) = postProject
		{AF7CD582-0241-4C86-860F-B332792D612F} = {AF7CD582-0241-4C86-860F-B332792D612F}
	EndProjectSection
EndProject
Global
	GlobalSection(SolutionConfigurationPlatforms) = preSolution
		Debug|Win32 = Debug|Win32
		Release|Win32 = Release|Win32
	EndGlobalSection
	GlobalSection(ProjectConfigurationPlatforms) = postSolution
		{AF7CD582-0241-4C86-860F-B332792D612F}.Debug|Win32.ActiveCfg = Debug|Win32
		{AF7CD582-0241-4C86-860F-B332792D612F}.Debug|Win32.Build.0 = Debug|Win32
		{AF7CD582-0241-4C86-860F-B332792D612F}.Release|Win32.ActiveCfg = Release|Win32
		{AF7CD582-0241-4C86-860F-B332792D612F}.Release|Win32.Build.0 = Release|Win32
		{4F7D1EE9-AC21-494B-961C-C8382A6F8DFA}.Debug|Win32.ActiveCfg = Debug|Win32
		{4F7D1EE9-AC21-494B-961C-C8382A6F8DFA}.Debug|Win32.Build.0 = Debug|Win32
		{4F7D1EE9-AC21-494B-961C-C8382A6F8DFA}.Release|Win32.ActiveCfg = Release|Win32
		{4F7D1EE9-AC21-494B-961C-C8382A6F8DFA}.Release|Win32.Build.0 = Release|Win32
		{8E61BE41-4FC1-40EC-A452-A878168503E1}.Debug|Win32.ActiveCfg = Debug|Win32
		{8E61BE41-4FC1-40EC-A452-A878168503E1}.Debug|Win32.Build.0 = Debug|Win32
		{8E61BE41-4FC1-40EC-A452-A878168503E1}.Release|Win32.ActiveCfg = Release|Win32
		{8E61BE41-4FC1-40EC-A452-A878168503E1}.Release|Win32.Build.0 = Release|Win32
		{68F20ECD-95C7-464E-A4AE-48D96CCC5F10}.Debug|Win32.ActiveCfg = Debug|Win32
		{68F20ECD-95C7-464E-A4AE-48D96CCC5F10}.Debug|Win32.Build.0 = Debug|Win32
		{68F20ECD-95C7-464E-A4AE-48D96CCC5F10}.Release|Win32.ActiveCfg = Release|Win32
		{68F20ECD-95C7-464E-A4AE-48D96CCC5F10}.Release|Win32.Build.0 = Release|Win32
		{244CB2D2-DC15-47EF-89D0-94C3B203CBD1}.Debug|Win32.ActiveCfg = Debug|Win32
		{244CB2D2-DC15-47EF-89D0-94C3B203CBD1}.Debug|Win32.Build.0 = Debug|Win32
		{244CB2D2-DC15-47EF-89D0-94C3B203CBD1}.Release|Win32.ActiveCfg = Release|Win32
		{244CB2D2-DC15-47EF-89D0-94C3B203CBD1}.Release|Win32.Build.0 = Release|Win32
		{323D84CA-1548-4E9B-9111-5BB7884056AA}.Debug|Win32.ActiveCfg = Debug|Win32
		{323D84CA-1548-4E9B-9111-5BB7884056AA}.Debug|Win32.Build.0 = Debug|Win32
		{323D84CA-1548-4E9B-9111-5BB7884056AA}.Release|Win32.ActiveCfg = Release|Win32
		{323D84CA-1548-4E9B-9111-5BB7884056AA}.Release|Win32.Build.0 = Release|Win32
	EndGlobalSection
	GlobalSection(SolutionProperties) = preSolution
		HideSolutionNode = FALSE
	EndGlobalSection
EndGlobal
